// !$*UTF8*$!
{
	archiveVersion = 1;
	classes = {
	};
	objectVersion = 55;
	objects = {

/* Begin PBXBuildFile section */
		5524A571280E6361009AD7B3 /* Contants.swift in Sources */ = {isa = PBXBuildFile; fileRef = 5524A570280E6361009AD7B3 /* Contants.swift */; };
		5524A573280E8589009AD7B3 /* BillsModel.swift in Sources */ = {isa = PBXBuildFile; fileRef = 5524A572280E8589009AD7B3 /* BillsModel.swift */; };
		5524A575280E8710009AD7B3 /* BillsViewModel.swift in Sources */ = {isa = PBXBuildFile; fileRef = 5524A574280E8710009AD7B3 /* BillsViewModel.swift */; };
		555EF9ED2807B8C3003AB5B9 /* AccountBookApp.swift in Sources */ = {isa = PBXBuildFile; fileRef = 555EF9EC2807B8C3003AB5B9 /* AccountBookApp.swift */; };
		555EF9EF2807B8C3003AB5B9 /* ContentView.swift in Sources */ = {isa = PBXBuildFile; fileRef = 555EF9EE2807B8C3003AB5B9 /* ContentView.swift */; };
		555EF9F12807B8C4003AB5B9 /* Assets.xcassets in Resources */ = {isa = PBXBuildFile; fileRef = 555EF9F02807B8C4003AB5B9 /* Assets.xcassets */; };
		555EF9F42807B8C4003AB5B9 /* Preview Assets.xcassets in Resources */ = {isa = PBXBuildFile; fileRef = 555EF9F32807B8C4003AB5B9 /* Preview Assets.xcassets */; };
		559FB5CA28083D6600969807 /* Category.json in Resources */ = {isa = PBXBuildFile; fileRef = 559FB5C928083D6600969807 /* Category.json */; };
		559FB5D0280BEFF100969807 /* IndexView.swift in Sources */ = {isa = PBXBuildFile; fileRef = 559FB5CF280BEFF100969807 /* IndexView.swift */; };
		55B5DA98280D834F009ADBFC /* UIColorTools.swift in Sources */ = {isa = PBXBuildFile; fileRef = 55B5DA97280D834F009ADBFC /* UIColorTools.swift */; };
		55B5DA9C280D8DD8009ADBFC /* AccountsView.swift in Sources */ = {isa = PBXBuildFile; fileRef = 55B5DA9B280D8DD8009ADBFC /* AccountsView.swift */; };
		55B5DA9E280D8E13009ADBFC /* BookingView.swift in Sources */ = {isa = PBXBuildFile; fileRef = 55B5DA9D280D8E13009ADBFC /* BookingView.swift */; };
		55B5DAA1280D8E78009ADBFC /* BillsView.swift in Sources */ = {isa = PBXBuildFile; fileRef = 55B5DAA0280D8E78009ADBFC /* BillsView.swift */; };
		55B5DAA4280D90E9009ADBFC /* ChartsView.swift in Sources */ = {isa = PBXBuildFile; fileRef = 55B5DAA3280D90E9009ADBFC /* ChartsView.swift */; };
/* End PBXBuildFile section */

/* Begin PBXFileReference section */
		5524A570280E6361009AD7B3 /* Contants.swift */ = {isa = PBXFileReference; lastKnownFileType = sourcecode.swift; path = Contants.swift; sourceTree = "<group>"; };
		5524A572280E8589009AD7B3 /* BillsModel.swift */ = {isa = PBXFileReference; lastKnownFileType = sourcecode.swift; path = BillsModel.swift; sourceTree = "<group>"; };
		5524A574280E8710009AD7B3 /* BillsViewModel.swift */ = {isa = PBXFileReference; lastKnownFileType = sourcecode.swift; path = BillsViewModel.swift; sourceTree = "<group>"; };
		555EF9E92807B8C3003AB5B9 /* AccountBook.app */ = {isa = PBXFileReference; explicitFileType = wrapper.application; includeInIndex = 0; path = AccountBook.app; sourceTree = BUILT_PRODUCTS_DIR; };
		555EF9EC2807B8C3003AB5B9 /* AccountBookApp.swift */ = {isa = PBXFileReference; lastKnownFileType = sourcecode.swift; path = AccountBookApp.swift; sourceTree = "<group>"; };
		555EF9EE2807B8C3003AB5B9 /* ContentView.swift */ = {isa = PBXFileReference; lastKnownFileType = sourcecode.swift; path = ContentView.swift; sourceTree = "<group>"; };
		555EF9F02807B8C4003AB5B9 /* Assets.xcassets */ = {isa = PBXFileReference; lastKnownFileType = folder.assetcatalog; path = Assets.xcassets; sourceTree = "<group>"; };
		555EF9F32807B8C4003AB5B9 /* Preview Assets.xcassets */ = {isa = PBXFileReference; lastKnownFileType = folder.assetcatalog; path = "Preview Assets.xcassets"; sourceTree = "<group>"; };
		555EF9FB280831D0003AB5B9 /* AccountType.json */ = {isa = PBXFileReference; lastKnownFileType = text.json; path = AccountType.json; sourceTree = "<group>"; };
		559FB5C928083D6600969807 /* Category.json */ = {isa = PBXFileReference; fileEncoding = 4; lastKnownFileType = text.json; path = Category.json; sourceTree = "<group>"; };
		559FB5CF280BEFF100969807 /* IndexView.swift */ = {isa = PBXFileReference; lastKnownFileType = sourcecode.swift; path = IndexView.swift; sourceTree = "<group>"; };
		55B5DA97280D834F009ADBFC /* UIColorTools.swift */ = {isa = PBXFileReference; lastKnownFileType = sourcecode.swift; path = UIColorTools.swift; sourceTree = "<group>"; };
		55B5DA9B280D8DD8009ADBFC /* AccountsView.swift */ = {isa = PBXFileReference; lastKnownFileType = sourcecode.swift; path = AccountsView.swift; sourceTree = "<group>"; };
		55B5DA9D280D8E13009ADBFC /* BookingView.swift */ = {isa = PBXFileReference; lastKnownFileType = sourcecode.swift; path = BookingView.swift; sourceTree = "<group>"; };
		55B5DAA0280D8E78009ADBFC /* BillsView.swift */ = {isa = PBXFileReference; lastKnownFileType = sourcecode.swift; path = BillsView.swift; sourceTree = "<group>"; };
		55B5DAA3280D90E9009ADBFC /* ChartsView.swift */ = {isa = PBXFileReference; lastKnownFileType = sourcecode.swift; path = ChartsView.swift; sourceTree = "<group>"; };
/* End PBXFileReference section */

/* Begin PBXFrameworksBuildPhase section */
		555EF9E62807B8C3003AB5B9 /* Frameworks */ = {
			isa = PBXFrameworksBuildPhase;
			buildActionMask = 2147483647;
			files = (
			);
			runOnlyForDeploymentPostprocessing = 0;
		};
/* End PBXFrameworksBuildPhase section */

/* Begin PBXGroup section */
		555EF9E02807B8C3003AB5B9 = {
			isa = PBXGroup;
			children = (
				555EF9EB2807B8C3003AB5B9 /* AccountBook */,
				555EF9EA2807B8C3003AB5B9 /* Products */,
			);
			sourceTree = "<group>";
		};
		555EF9EA2807B8C3003AB5B9 /* Products */ = {
			isa = PBXGroup;
			children = (
				555EF9E92807B8C3003AB5B9 /* AccountBook.app */,
			);
			name = Products;
			sourceTree = "<group>";
		};
		555EF9EB2807B8C3003AB5B9 /* AccountBook */ = {
			isa = PBXGroup;
			children = (
				559FB5D1280C0A7300969807 /* Constants */,
				559FB5CD28095F4600969807 /* Utils */,
				559FB5CC28095F3800969807 /* Screen */,
				559FB5CB28083EA700969807 /* Data */,
				555EF9FA28083156003AB5B9 /* Config */,
				555EF9EC2807B8C3003AB5B9 /* AccountBookApp.swift */,
				555EF9EE2807B8C3003AB5B9 /* ContentView.swift */,
				555EF9F02807B8C4003AB5B9 /* Assets.xcassets */,
				555EF9F22807B8C4003AB5B9 /* Preview Content */,
			);
			path = AccountBook;
			sourceTree = "<group>";
		};
		555EF9F22807B8C4003AB5B9 /* Preview Content */ = {
			isa = PBXGroup;
			children = (
				555EF9F32807B8C4003AB5B9 /* Preview Assets.xcassets */,
			);
			path = "Preview Content";
			sourceTree = "<group>";
		};
		555EF9FA28083156003AB5B9 /* Config */ = {
			isa = PBXGroup;
			children = (
				559FB5C928083D6600969807 /* Category.json */,
				555EF9FB280831D0003AB5B9 /* AccountType.json */,
			);
			path = Config;
			sourceTree = "<group>";
		};
		559FB5CB28083EA700969807 /* Data */ = {
			isa = PBXGroup;
			children = (
			);
			path = Data;
			sourceTree = "<group>";
		};
		559FB5CC28095F3800969807 /* Screen */ = {
			isa = PBXGroup;
			children = (
				55B5DAA2280D90DA009ADBFC /* charts */,
				55B5DA9F280D8E63009ADBFC /* bills */,
				55B5DA9A280D8DB5009ADBFC /* accounts */,
				55B5DA99280D8DA4009ADBFC /* booking */,
				559FB5CE280BEFD100969807 /* index */,
			);
			path = Screen;
			sourceTree = "<group>";
		};
		559FB5CD28095F4600969807 /* Utils */ = {
			isa = PBXGroup;
			children = (
				55B5DA97280D834F009ADBFC /* UIColorTools.swift */,
			);
			path = Utils;
			sourceTree = "<group>";
		};
		559FB5CE280BEFD100969807 /* index */ = {
			isa = PBXGroup;
			children = (
				559FB5CF280BEFF100969807 /* IndexView.swift */,
			);
			path = index;
			sourceTree = "<group>";
		};
		559FB5D1280C0A7300969807 /* Constants */ = {
			isa = PBXGroup;
			children = (
				5524A570280E6361009AD7B3 /* Contants.swift */,
			);
			path = Constants;
			sourceTree = "<group>";
		};
		55B5DA99280D8DA4009ADBFC /* booking */ = {
			isa = PBXGroup;
			children = (
				55B5DA9D280D8E13009ADBFC /* BookingView.swift */,
			);
			path = booking;
			sourceTree = "<group>";
		};
		55B5DA9A280D8DB5009ADBFC /* accounts */ = {
			isa = PBXGroup;
			children = (
				55B5DA9B280D8DD8009ADBFC /* AccountsView.swift */,
			);
			path = accounts;
			sourceTree = "<group>";
		};
		55B5DA9F280D8E63009ADBFC /* bills */ = {
			isa = PBXGroup;
			children = (
				55B5DAA0280D8E78009ADBFC /* BillsView.swift */,
				5524A572280E8589009AD7B3 /* BillsModel.swift */,
				5524A574280E8710009AD7B3 /* BillsViewModel.swift */,
			);
			path = bills;
			sourceTree = "<group>";
		};
		55B5DAA2280D90DA009ADBFC /* charts */ = {
			isa = PBXGroup;
			children = (
				55B5DAA3280D90E9009ADBFC /* ChartsView.swift */,
			);
			path = charts;
			sourceTree = "<group>";
		};
/* End PBXGroup section */

/* Begin PBXNativeTarget section */
		555EF9E82807B8C3003AB5B9 /* AccountBook */ = {
			isa = PBXNativeTarget;
			buildConfigurationList = 555EF9F72807B8C4003AB5B9 /* Build configuration list for PBXNativeTarget "AccountBook" */;
			buildPhases = (
				555EF9E52807B8C3003AB5B9 /* Sources */,
				555EF9E62807B8C3003AB5B9 /* Frameworks */,
				555EF9E72807B8C3003AB5B9 /* Resources */,
			);
			buildRules = (
			);
			dependencies = (
			);
			name = AccountBook;
			productName = AccountBook;
			productReference = 555EF9E92807B8C3003AB5B9 /* AccountBook.app */;
			productType = "com.apple.product-type.application";
		};
/* End PBXNativeTarget section */

/* Begin PBXProject section */
		555EF9E12807B8C3003AB5B9 /* Project object */ = {
			isa = PBXProject;
			attributes = {
				BuildIndependentTargetsInParallel = 1;
				LastSwiftUpdateCheck = 1330;
				LastUpgradeCheck = 1330;
				TargetAttributes = {
					555EF9E82807B8C3003AB5B9 = {
						CreatedOnToolsVersion = 13.3.1;
					};
				};
			};
			buildConfigurationList = 555EF9E42807B8C3003AB5B9 /* Build configuration list for PBXProject "AccountBook" */;
			compatibilityVersion = "Xcode 13.0";
			developmentRegion = en;
			hasScannedForEncodings = 0;
			knownRegions = (
				en,
				Base,
			);
			mainGroup = 555EF9E02807B8C3003AB5B9;
			productRefGroup = 555EF9EA2807B8C3003AB5B9 /* Products */;
			projectDirPath = "";
			projectRoot = "";
			targets = (
				555EF9E82807B8C3003AB5B9 /* AccountBook */,
			);
		};
/* End PBXProject section */

/* Begin PBXResourcesBuildPhase section */
		555EF9E72807B8C3003AB5B9 /* Resources */ = {
			isa = PBXResourcesBuildPhase;
			buildActionMask = 2147483647;
			files = (
				555EF9F42807B8C4003AB5B9 /* Preview Assets.xcassets in Resources */,
				559FB5CA28083D6600969807 /* Category.json in Resources */,
				555EF9F12807B8C4003AB5B9 /* Assets.xcassets in Resources */,
			);
			runOnlyForDeploymentPostprocessing = 0;
		};
/* End PBXResourcesBuildPhase section */

/* Begin PBXSourcesBuildPhase section */
		555EF9E52807B8C3003AB5B9 /* Sources */ = {
			isa = PBXSourcesBuildPhase;
			buildActionMask = 2147483647;
			files = (
				5524A573280E8589009AD7B3 /* BillsModel.swift in Sources */,
				55B5DA9E280D8E13009ADBFC /* BookingView.swift in Sources */,
				55B5DA9C280D8DD8009ADBFC /* AccountsView.swift in Sources */,
				555EF9EF2807B8C3003AB5B9 /* ContentView.swift in Sources */,
				55B5DAA4280D90E9009ADBFC /* ChartsView.swift in Sources */,
				55B5DA98280D834F009ADBFC /* UIColorTools.swift in Sources */,
				5524A571280E6361009AD7B3 /* Contants.swift in Sources */,
				559FB5D0280BEFF100969807 /* IndexView.swift in Sources */,
				555EF9ED2807B8C3003AB5B9 /* AccountBookApp.swift in Sources */,
				55B5DAA1280D8E78009ADBFC /* BillsView.swift in Sources */,
				5524A575280E8710009AD7B3 /* BillsViewModel.swift in Sources */,
			);
			runOnlyForDeploymentPostprocessing = 0;
		};
/* End PBXSourcesBuildPhase section */

/* Begin XCBuildConfiguration section */
		555EF9F52807B8C4003AB5B9 /* Debug */ = {
			isa = XCBuildConfiguration;
			buildSettings = {
				ALWAYS_SEARCH_USER_PATHS = NO;
				CLANG_ANALYZER_NONNULL = YES;
				CLANG_ANALYZER_NUMBER_OBJECT_CONVERSION = YES_AGGRESSIVE;
				CLANG_CXX_LANGUAGE_STANDARD = "gnu++17";
				CLANG_ENABLE_MODULES = YES;
				CLANG_ENABLE_OBJC_ARC = YES;
				CLANG_ENABLE_OBJC_WEAK = YES;
				CLANG_WARN_BLOCK_CAPTURE_AUTORELEASING = YES;
				CLANG_WARN_BOOL_CONVERSION = YES;
				CLANG_WARN_COMMA = YES;
				CLANG_WARN_CONSTANT_CONVERSION = YES;
				CLANG_WARN_DEPRECATED_OBJC_IMPLEMENTATIONS = YES;
				CLANG_WARN_DIRECT_OBJC_ISA_USAGE = YES_ERROR;
				CLANG_WARN_DOCUMENTATION_COMMENTS = YES;
				CLANG_WARN_EMPTY_BODY = YES;
				CLANG_WARN_ENUM_CONVERSION = YES;
				CLANG_WARN_INFINITE_RECURSION = YES;
				CLANG_WARN_INT_CONVERSION = YES;
				CLANG_WARN_NON_LITERAL_NULL_CONVERSION = YES;
				CLANG_WARN_OBJC_IMPLICIT_RETAIN_SELF = YES;
				CLANG_WARN_OBJC_LITERAL_CONVERSION = YES;
				CLANG_WARN_OBJC_ROOT_CLASS = YES_ERROR;
				CLANG_WARN_QUOTED_INCLUDE_IN_FRAMEWORK_HEADER = YES;
				CLANG_WARN_RANGE_LOOP_ANALYSIS = YES;
				CLANG_WARN_STRICT_PROTOTYPES = YES;
				CLANG_WARN_SUSPICIOUS_MOVE = YES;
				CLANG_WARN_UNGUARDED_AVAILABILITY = YES_AGGRESSIVE;
				CLANG_WARN_UNREACHABLE_CODE = YES;
				CLANG_WARN__DUPLICATE_METHOD_MATCH = YES;
				COPY_PHASE_STRIP = NO;
				DEBUG_INFORMATION_FORMAT = dwarf;
				ENABLE_STRICT_OBJC_MSGSEND = YES;
				ENABLE_TESTABILITY = YES;
				GCC_C_LANGUAGE_STANDARD = gnu11;
				GCC_DYNAMIC_NO_PIC = NO;
				GCC_NO_COMMON_BLOCKS = YES;
				GCC_OPTIMIZATION_LEVEL = 0;
				GCC_PREPROCESSOR_DEFINITIONS = (
					"DEBUG=1",
					"$(inherited)",
				);
				GCC_WARN_64_TO_32_BIT_CONVERSION = YES;
				GCC_WARN_ABOUT_RETURN_TYPE = YES_ERROR;
				GCC_WARN_UNDECLARED_SELECTOR = YES;
				GCC_WARN_UNINITIALIZED_AUTOS = YES_AGGRESSIVE;
				GCC_WARN_UNUSED_FUNCTION = YES;
				GCC_WARN_UNUSED_VARIABLE = YES;
				IPHONEOS_DEPLOYMENT_TARGET = 15.4;
				MTL_ENABLE_DEBUG_INFO = INCLUDE_SOURCE;
				MTL_FAST_MATH = YES;
				ONLY_ACTIVE_ARCH = YES;
				SDKROOT = iphoneos;
				SWIFT_ACTIVE_COMPILATION_CONDITIONS = DEBUG;
				SWIFT_OPTIMIZATION_LEVEL = "-Onone";
			};
			name = Debug;
		};
		555EF9F62807B8C4003AB5B9 /* Release */ = {
			isa = XCBuildConfiguration;
			buildSettings = {
				ALWAYS_SEARCH_USER_PATHS = NO;
				CLANG_ANALYZER_NONNULL = YES;
				CLANG_ANALYZER_NUMBER_OBJECT_CONVERSION = YES_AGGRESSIVE;
				CLANG_CXX_LANGUAGE_STANDARD = "gnu++17";
				CLANG_ENABLE_MODULES = YES;
				CLANG_ENABLE_OBJC_ARC = YES;
				CLANG_ENABLE_OBJC_WEAK = YES;
				CLANG_WARN_BLOCK_CAPTURE_AUTORELEASING = YES;
				CLANG_WARN_BOOL_CONVERSION = YES;
				CLANG_WARN_COMMA = YES;
				CLANG_WARN_CONSTANT_CONVERSION = YES;
				CLANG_WARN_DEPRECATED_OBJC_IMPLEMENTATIONS = YES;
				CLANG_WARN_DIRECT_OBJC_ISA_USAGE = YES_ERROR;
				CLANG_WARN_DOCUMENTATION_COMMENTS = YES;
				CLANG_WARN_EMPTY_BODY = YES;
				CLANG_WARN_ENUM_CONVERSION = YES;
				CLANG_WARN_INFINITE_RECURSION = YES;
				CLANG_WARN_INT_CONVERSION = YES;
				CLANG_WARN_NON_LITERAL_NULL_CONVERSION = YES;
				CLANG_WARN_OBJC_IMPLICIT_RETAIN_SELF = YES;
				CLANG_WARN_OBJC_LITERAL_CONVERSION = YES;
				CLANG_WARN_OBJC_ROOT_CLASS = YES_ERROR;
				CLANG_WARN_QUOTED_INCLUDE_IN_FRAMEWORK_HEADER = YES;
				CLANG_WARN_RANGE_LOOP_ANALYSIS = YES;
				CLANG_WARN_STRICT_PROTOTYPES = YES;
				CLANG_WARN_SUSPICIOUS_MOVE = YES;
				CLANG_WARN_UNGUARDED_AVAILABILITY = YES_AGGRESSIVE;
				CLANG_WARN_UNREACHABLE_CODE = YES;
				CLANG_WARN__DUPLICATE_METHOD_MATCH = YES;
				COPY_PHASE_STRIP = NO;
				DEBUG_INFORMATION_FORMAT = "dwarf-with-dsym";
				ENABLE_NS_ASSERTIONS = NO;
				ENABLE_STRICT_OBJC_MSGSEND = YES;
				GCC_C_LANGUAGE_STANDARD = gnu11;
				GCC_NO_COMMON_BLOCKS = YES;
				GCC_WARN_64_TO_32_BIT_CONVERSION = YES;
				GCC_WARN_ABOUT_RETURN_TYPE = YES_ERROR;
				GCC_WARN_UNDECLARED_SELECTOR = YES;
				GCC_WARN_UNINITIALIZED_AUTOS = YES_AGGRESSIVE;
				GCC_WARN_UNUSED_FUNCTION = YES;
				GCC_WARN_UNUSED_VARIABLE = YES;
				IPHONEOS_DEPLOYMENT_TARGET = 15.4;
				MTL_ENABLE_DEBUG_INFO = NO;
				MTL_FAST_MATH = YES;
				SDKROOT = iphoneos;
				SWIFT_COMPILATION_MODE = wholemodule;
				SWIFT_OPTIMIZATION_LEVEL = "-O";
				VALIDATE_PRODUCT = YES;
			};
			name = Release;
		};
		555EF9F82807B8C4003AB5B9 /* Debug */ = {
			isa = XCBuildConfiguration;
			buildSettings = {
				ASSETCATALOG_COMPILER_APPICON_NAME = AppIcon;
				ASSETCATALOG_COMPILER_GLOBAL_ACCENT_COLOR_NAME = AccentColor;
				CODE_SIGN_STYLE = Automatic;
				CURRENT_PROJECT_VERSION = 1;
				DEVELOPMENT_ASSET_PATHS = "\"AccountBook/Preview Content\"";
				DEVELOPMENT_TEAM = CKCVNMUV5W;
				ENABLE_PREVIEWS = YES;
				GENERATE_INFOPLIST_FILE = YES;
				INFOPLIST_KEY_UIApplicationSceneManifest_Generation = YES;
				INFOPLIST_KEY_UIApplicationSupportsIndirectInputEvents = YES;
				INFOPLIST_KEY_UILaunchScreen_Generation = YES;
				INFOPLIST_KEY_UISupportedInterfaceOrientations_iPad = "UIInterfaceOrientationPortrait UIInterfaceOrientationPortraitUpsideDown UIInterfaceOrientationLandscapeLeft UIInterfaceOrientationLandscapeRight";
				INFOPLIST_KEY_UISupportedInterfaceOrientations_iPhone = "UIInterfaceOrientationPortrait UIInterfaceOrientationLandscapeLeft UIInterfaceOrientationLandscapeRight";
				LD_RUNPATH_SEARCH_PATHS = (
					"$(inherited)",
					"@executable_path/Frameworks",
				);
				MARKETING_VERSION = 1.0;
				PRODUCT_BUNDLE_IDENTIFIER = com.wanpp.AccountBook;
				PRODUCT_NAME = "$(TARGET_NAME)";
				SWIFT_EMIT_LOC_STRINGS = YES;
				SWIFT_VERSION = 5.0;
				TARGETED_DEVICE_FAMILY = "1,2";
			};
			name = Debug;
		};
		555EF9F92807B8C4003AB5B9 /* Release */ = {
			isa = XCBuildConfiguration;
			buildSettings = {
				ASSETCATALOG_COMPILER_APPICON_NAME = AppIcon;
				ASSETCATALOG_COMPILER_GLOBAL_ACCENT_COLOR_NAME = AccentColor;
				CODE_SIGN_STYLE = Automatic;
				CURRENT_PROJECT_VERSION = 1;
				DEVELOPMENT_ASSET_PATHS = "\"AccountBook/Preview Content\"";
				DEVELOPMENT_TEAM = CKCVNMUV5W;
				ENABLE_PREVIEWS = YES;
				GENERATE_INFOPLIST_FILE = YES;
				INFOPLIST_KEY_UIApplicationSceneManifest_Generation = YES;
				INFOPLIST_KEY_UIApplicationSupportsIndirectInputEvents = YES;
				INFOPLIST_KEY_UILaunchScreen_Generation = YES;
				INFOPLIST_KEY_UISupportedInterfaceOrientations_iPad = "UIInterfaceOrientationPortrait UIInterfaceOrientationPortraitUpsideDown UIInterfaceOrientationLandscapeLeft UIInterfaceOrientationLandscapeRight";
				INFOPLIST_KEY_UISupportedInterfaceOrientations_iPhone = "UIInterfaceOrientationPortrait UIInterfaceOrientationLandscapeLeft UIInterfaceOrientationLandscapeRight";
				LD_RUNPATH_SEARCH_PATHS = (
					"$(inherited)",
					"@executable_path/Frameworks",
				);
				MARKETING_VERSION = 1.0;
				PRODUCT_BUNDLE_IDENTIFIER = com.wanpp.AccountBook;
				PRODUCT_NAME = "$(TARGET_NAME)";
				SWIFT_EMIT_LOC_STRINGS = YES;
				SWIFT_VERSION = 5.0;
				TARGETED_DEVICE_FAMILY = "1,2";
			};
			name = Release;
		};
/* End XCBuildConfiguration section */

/* Begin XCConfigurationList section */
		555EF9E42807B8C3003AB5B9 /* Build configuration list for PBXProject "AccountBook" */ = {
			isa = XCConfigurationList;
			buildConfigurations = (
				555EF9F52807B8C4003AB5B9 /* Debug */,
				555EF9F62807B8C4003AB5B9 /* Release */,
			);
			defaultConfigurationIsVisible = 0;
			defaultConfigurationName = Release;
		};
		555EF9F72807B8C4003AB5B9 /* Build configuration list for PBXNativeTarget "AccountBook" */ = {
			isa = XCConfigurationList;
			buildConfigurations = (
				555EF9F82807B8C4003AB5B9 /* Debug */,
				555EF9F92807B8C4003AB5B9 /* Release */,
			);
			defaultConfigurationIsVisible = 0;
			defaultConfigurationName = Release;
		};
/* End XCConfigurationList section */
	};
	rootObject = 555EF9E12807B8C3003AB5B9 /* Project object */;
}
